
Microsoft Visual Studio Solution File, Format Version 12.00
# Visual Studio Version 17
VisualStudioVersion = 17.2.32505.173
MinimumVisualStudioVersion = 10.0.40219.1
Project("{FAE04EC0-301F-11D3-BF4B-00C04F79EFBC}") = "WebAPIDemo", "WebAPIDemo\WebAPIDemo.csproj", "{31910062-B30D-41BF-A8E9-A1D7A6F910E6}"
EndProject
Global
	GlobalSection(SolutionConfigurationPlatforms) = preSolution
		Debug|Any CPU = Debug|Any CPU
		Release|Any CPU = Release|Any CPU
	EndGlobalSection
	GlobalSection(ProjectConfigurationPlatforms) = postSolution
		{31910062-B30D-41BF-A8E9-A1D7A6F910E6}.Debug|Any CPU.ActiveCfg = Debug|Any CPU
		{31910062-B30D-41BF-A8E9-A1D7A6F910E6}.Debug|Any CPU.Build.0 = Debug|Any CPU
		{31910062-B30D-41BF-A8E9-A1D7A6F910E6}.Release|Any CPU.ActiveCfg = Release|Any CPU
		{31910062-B30D-41BF-A8E9-A1D7A6F910E6}.Release|Any CPU.Build.0 = Release|Any CPU
	EndGlobalSection
	GlobalSection(SolutionProperties) = preSolution
		HideSolutionNode = FALSE
	EndGlobalSection
	GlobalSection(ExtensibilityGlobals) = postSolution
		SolutionGuid = {F92BDA31-5E2B-4EE8-B2D4-C1343053A6E0}
	EndGlobalSection
EndGlobal
